
Microsoft Visual Studio Solution File, Format Version 12.00
# Visual Studio Version 16
VisualStudioVersion = 16.0.29613.14
MinimumVisualStudioVersion = 10.0.40219.1
Project("{FAE04EC0-301F-11D3-BF4B-00C04F79EFBC}") = "RobeSpriteCopier", "RobeSpriteCopier\RobeSpriteCopier.csproj", "{1C6E4D4A-A7A0-4B3B-A5AD-DEC5F6393E1A}"
EndProject
Global
	GlobalSection(SolutionConfigurationPlatforms) = preSolution
		Debug|Any CPU = Debug|Any CPU
		Release|Any CPU = Release|Any CPU
	EndGlobalSection
	GlobalSection(ProjectConfigurationPlatforms) = postSolution
		{1C6E4D4A-A7A0-4B3B-A5AD-DEC5F6393E1A}.Debug|Any CPU.ActiveCfg = Debug|Any CPU
		{1C6E4D4A-A7A0-4B3B-A5AD-DEC5F6393E1A}.Debug|Any CPU.Build.0 = Debug|Any CPU
		{1C6E4D4A-A7A0-4B3B-A5AD-DEC5F6393E1A}.Release|Any CPU.ActiveCfg = Release|Any CPU
		{1C6E4D4A-A7A0-4B3B-A5AD-DEC5F6393E1A}.Release|Any CPU.Build.0 = Release|Any CPU
	EndGlobalSection
	GlobalSection(SolutionProperties) = preSolution
		HideSolutionNode = FALSE
	EndGlobalSection
	GlobalSection(ExtensibilityGlobals) = postSolution
		SolutionGuid = {41CD6808-2552-4423-A70E-73EB17B745E1}
	EndGlobalSection
EndGlobal
